
Microsoft Visual Studio Solution File, Format Version 12.00
# Visual Studio Version 17
VisualStudioVersion = 17.7.34221.43
MinimumVisualStudioVersion = 10.0.40219.1
Project("{FAE04EC0-301F-11D3-BF4B-00C04F79EFBC}") = "NLP.API", "NLP.API\NLP.API.csproj", "{B5EB8F6A-E05D-410F-B378-C363F008D9DC}"
EndProject
Global
	GlobalSection(SolutionConfigurationPlatforms) = preSolution
		Debug|Any CPU = Debug|Any CPU
		Release|Any CPU = Release|Any CPU
	EndGlobalSection
	GlobalSection(ProjectConfigurationPlatforms) = postSolution
		{B5EB8F6A-E05D-410F-B378-C363F008D9DC}.Debug|Any CPU.ActiveCfg = Debug|Any CPU
		{B5EB8F6A-E05D-410F-B378-C363F008D9DC}.Debug|Any CPU.Build.0 = Debug|Any CPU
		{B5EB8F6A-E05D-410F-B378-C363F008D9DC}.Release|Any CPU.ActiveCfg = Release|Any CPU
		{B5EB8F6A-E05D-410F-B378-C363F008D9DC}.Release|Any CPU.Build.0 = Release|Any CPU
	EndGlobalSection
	GlobalSection(SolutionProperties) = preSolution
		HideSolutionNode = FALSE
	EndGlobalSection
	GlobalSection(ExtensibilityGlobals) = postSolution
		SolutionGuid = {341A5EA8-30B4-4A66-9B01-FEE8419A395B}
	EndGlobalSection
EndGlobal
